
Microsoft Visual Studio Solution File, Format Version 12.00
# Visual Studio Version 17
VisualStudioVersion = 17.0.31903.59
MinimumVisualStudioVersion = 10.0.40219.1
Project("{2150E333-8FDC-42A3-9474-1A3956D46DE8}") = "TestCode", "TestCode", "{74EE8474-23FB-4234-96DF-D9FF00A3A1A7}"
EndProject
Project("{FAE04EC0-301F-11D3-BF4B-00C04F79EFBC}") = "TestProject", "TestCode\TestProject\TestProject.csproj", "{AFE20A26-1A0B-48BA-937B-82174951A70C}"
EndProject
Global
	GlobalSection(SolutionConfigurationPlatforms) = preSolution
		Debug|Any CPU = Debug|Any CPU
		Release|Any CPU = Release|Any CPU
	EndGlobalSection
	GlobalSection(SolutionProperties) = preSolution
		HideSolutionNode = FALSE
	EndGlobalSection
	GlobalSection(ProjectConfigurationPlatforms) = postSolution
		{AFE20A26-1A0B-48BA-937B-82174951A70C}.Debug|Any CPU.ActiveCfg = Debug|Any CPU
		{AFE20A26-1A0B-48BA-937B-82174951A70C}.Debug|Any CPU.Build.0 = Debug|Any CPU
		{AFE20A26-1A0B-48BA-937B-82174951A70C}.Release|Any CPU.ActiveCfg = Release|Any CPU
		{AFE20A26-1A0B-48BA-937B-82174951A70C}.Release|Any CPU.Build.0 = Release|Any CPU
	EndGlobalSection
	GlobalSection(NestedProjects) = preSolution
		{AFE20A26-1A0B-48BA-937B-82174951A70C} = {74EE8474-23FB-4234-96DF-D9FF00A3A1A7}
	EndGlobalSection
EndGlobal
