
Microsoft Visual Studio Solution File, Format Version 12.00
# Visual Studio Version 17
VisualStudioVersion = 17.0.31903.59
MinimumVisualStudioVersion = 10.0.40219.1
Project("{2150E333-8FDC-42A3-9474-1A3956D46DE8}") = "TestCode", "TestCode", "{7E8E78A2-26F5-4253-B172-9FE69E13093F}"
EndProject
Project("{FAE04EC0-301F-11D3-BF4B-00C04F79EFBC}") = "TestProject", "TestCode\TestProject\TestProject.csproj", "{D0A1A452-21D9-41F8-9975-3F4A1A727FBB}"
EndProject
Global
	GlobalSection(SolutionConfigurationPlatforms) = preSolution
		Debug|Any CPU = Debug|Any CPU
		Release|Any CPU = Release|Any CPU
	EndGlobalSection
	GlobalSection(SolutionProperties) = preSolution
		HideSolutionNode = FALSE
	EndGlobalSection
	GlobalSection(ProjectConfigurationPlatforms) = postSolution
		{D0A1A452-21D9-41F8-9975-3F4A1A727FBB}.Debug|Any CPU.ActiveCfg = Debug|Any CPU
		{D0A1A452-21D9-41F8-9975-3F4A1A727FBB}.Debug|Any CPU.Build.0 = Debug|Any CPU
		{D0A1A452-21D9-41F8-9975-3F4A1A727FBB}.Release|Any CPU.ActiveCfg = Release|Any CPU
		{D0A1A452-21D9-41F8-9975-3F4A1A727FBB}.Release|Any CPU.Build.0 = Release|Any CPU
	EndGlobalSection
	GlobalSection(NestedProjects) = preSolution
		{D0A1A452-21D9-41F8-9975-3F4A1A727FBB} = {7E8E78A2-26F5-4253-B172-9FE69E13093F}
	EndGlobalSection
EndGlobal
